
Microsoft Visual Studio Solution File, Format Version 12.00
# Visual Studio Version 17
VisualStudioVersion = 17.11.35327.3
MinimumVisualStudioVersion = 10.0.40219.1
Project("{9A19103F-16F7-4668-BE54-9A1E7A4F7556}") = "TickCrossServer", "TickCrossServer\TickCrossServer.csproj", "{4220A90C-B46F-49C0-9EA1-B7BBA979F610}"
EndProject
Project("{9A19103F-16F7-4668-BE54-9A1E7A4F7556}") = "TickCrossClient", "TickCrossClient\TickCrossClient.csproj", "{B13E4D64-67B8-42EB-BD3B-A48C3AC76D03}"
EndProject
Project("{FAE04EC0-301F-11D3-BF4B-00C04F79EFBC}") = "TickCrossLib", "TickCrossLib\TickCrossLib.csproj", "{F39CA77E-9FDC-4113-A604-70ECBA012386}"
EndProject
Global
	GlobalSection(SolutionConfigurationPlatforms) = preSolution
		Debug|Any CPU = Debug|Any CPU
		Release|Any CPU = Release|Any CPU
	EndGlobalSection
	GlobalSection(ProjectConfigurationPlatforms) = postSolution
		{4220A90C-B46F-49C0-9EA1-B7BBA979F610}.Debug|Any CPU.ActiveCfg = Debug|Any CPU
		{4220A90C-B46F-49C0-9EA1-B7BBA979F610}.Debug|Any CPU.Build.0 = Debug|Any CPU
		{4220A90C-B46F-49C0-9EA1-B7BBA979F610}.Release|Any CPU.ActiveCfg = Release|Any CPU
		{4220A90C-B46F-49C0-9EA1-B7BBA979F610}.Release|Any CPU.Build.0 = Release|Any CPU
		{B13E4D64-67B8-42EB-BD3B-A48C3AC76D03}.Debug|Any CPU.ActiveCfg = Debug|Any CPU
		{B13E4D64-67B8-42EB-BD3B-A48C3AC76D03}.Debug|Any CPU.Build.0 = Debug|Any CPU
		{B13E4D64-67B8-42EB-BD3B-A48C3AC76D03}.Release|Any CPU.ActiveCfg = Release|Any CPU
		{B13E4D64-67B8-42EB-BD3B-A48C3AC76D03}.Release|Any CPU.Build.0 = Release|Any CPU
		{F39CA77E-9FDC-4113-A604-70ECBA012386}.Debug|Any CPU.ActiveCfg = Debug|Any CPU
		{F39CA77E-9FDC-4113-A604-70ECBA012386}.Debug|Any CPU.Build.0 = Debug|Any CPU
		{F39CA77E-9FDC-4113-A604-70ECBA012386}.Release|Any CPU.ActiveCfg = Release|Any CPU
		{F39CA77E-9FDC-4113-A604-70ECBA012386}.Release|Any CPU.Build.0 = Release|Any CPU
	EndGlobalSection
	GlobalSection(SolutionProperties) = preSolution
		HideSolutionNode = FALSE
	EndGlobalSection
	GlobalSection(ExtensibilityGlobals) = postSolution
		SolutionGuid = {C46F1B2A-A904-434A-8671-2343E1792D97}
	EndGlobalSection
EndGlobal
